{
  "requires": true,
  "lockfileVersion": 1,
  "dependencies": {
    "ag-grid-enterprise": {
      "version": "25.3.0",
      "resolved": "https://registry.npmjs.org/ag-grid-enterprise/-/ag-grid-enterprise-25.3.0.tgz",
      "integrity": "sha512-eIC0kjPkDnS6nJEsueIT3HbPwr+vFunNiJY7DMEB5D4fAh7GEK9Ds0VMYtqZobLcKQgbqcJAH8ZhFRAHS+bIDA=="
    }
  }
}
